Microsoft Visual Studio Solution File, Format Version 12.00
# Visual Studio Version 17
VisualStudioVersion = 17.5.2.0
MinimumVisualStudioVersion = 10.0.40219.1
Project("{FAE04EC0-301F-11D3-BF4B-00C04F79EFBC}") = "cliente", "Cliente\cliente.csproj", "{5FD790DC-0CBA-2596-271F-8A5F60111849}"
EndProject
Project("{FAE04EC0-301F-11D3-BF4B-00C04F79EFBC}") = "servidor", "Servidor\servidor.csproj", "{9064B4AF-78AD-9CDB-C5CC-9241FD512A74}"
EndProject
Global
	GlobalSection(SolutionConfigurationPlatforms) = preSolution
		Debug|Any CPU = Debug|Any CPU
		Release|Any CPU = Release|Any CPU
	EndGlobalSection
	GlobalSection(ProjectConfigurationPlatforms) = postSolution
		{5FD790DC-0CBA-2596-271F-8A5F60111849}.Debug|Any CPU.ActiveCfg = Debug|Any CPU
		{5FD790DC-0CBA-2596-271F-8A5F60111849}.Debug|Any CPU.Build.0 = Debug|Any CPU
		{5FD790DC-0CBA-2596-271F-8A5F60111849}.Release|Any CPU.ActiveCfg = Release|Any CPU
		{5FD790DC-0CBA-2596-271F-8A5F60111849}.Release|Any CPU.Build.0 = Release|Any CPU
		{9064B4AF-78AD-9CDB-C5CC-9241FD512A74}.Debug|Any CPU.ActiveCfg = Debug|Any CPU
		{9064B4AF-78AD-9CDB-C5CC-9241FD512A74}.Debug|Any CPU.Build.0 = Debug|Any CPU
		{9064B4AF-78AD-9CDB-C5CC-9241FD512A74}.Release|Any CPU.ActiveCfg = Release|Any CPU
		{9064B4AF-78AD-9CDB-C5CC-9241FD512A74}.Release|Any CPU.Build.0 = Release|Any CPU
	EndGlobalSection
	GlobalSection(SolutionProperties) = preSolution
		HideSolutionNode = FALSE
	EndGlobalSection
	GlobalSection(ExtensibilityGlobals) = postSolution
		SolutionGuid = {5A1CF758-22C1-4A48-A2A4-0FF61ED5A562}
	EndGlobalSection
EndGlobal
